
Microsoft Visual Studio Solution File, Format Version 12.00
# Visual Studio 2013
VisualStudioVersion = 12.0.30723.0
MinimumVisualStudioVersion = 10.0.40219.1
Project("{FAE04EC0-301F-11D3-BF4B-00C04F79EFBC}") = "SmartBankApi", "SmartBankApi\SmartBankApi.csproj", "{EFA26594-0361-4F91-A3E2-49EDF24B47B5}"
EndProject
Project("{E24C65DC-7377-472B-9ABA-BC803B73C61A}") = "SmartBankWebApp", "http://localhost/SmartBankWebApp", "{3D09F537-117D-4AE0-85D9-D2A6B53F277D}"
	ProjectSection(WebsiteProperties) = preProject
		UseIISExpress = "false"
		TargetFrameworkMoniker = ".NETFramework,Version%3Dv4.0"
		Debug.AspNetCompiler.VirtualPath = "/SmartBankWebApp"
		Debug.AspNetCompiler.PhysicalPath = "SmartBankWebApp\"
		Debug.AspNetCompiler.TargetPath = "PrecompiledWeb\SmartBankWebApp\"
		Debug.AspNetCompiler.Updateable = "true"
		Debug.AspNetCompiler.ForceOverwrite = "true"
		Debug.AspNetCompiler.FixedNames = "false"
		Debug.AspNetCompiler.Debug = "True"
		Release.AspNetCompiler.VirtualPath = "/SmartBankWebApp"
		Release.AspNetCompiler.PhysicalPath = "SmartBankWebApp\"
		Release.AspNetCompiler.TargetPath = "PrecompiledWeb\SmartBankWebApp\"
		Release.AspNetCompiler.Updateable = "true"
		Release.AspNetCompiler.ForceOverwrite = "true"
		Release.AspNetCompiler.FixedNames = "false"
		Release.AspNetCompiler.Debug = "False"
		SlnRelativePath = "SmartBankWebApp\"
	EndProjectSection
EndProject
Global
	GlobalSection(SolutionConfigurationPlatforms) = preSolution
		Debug|Any CPU = Debug|Any CPU
		Release|Any CPU = Release|Any CPU
	EndGlobalSection
	GlobalSection(ProjectConfigurationPlatforms) = postSolution
		{EFA26594-0361-4F91-A3E2-49EDF24B47B5}.Debug|Any CPU.ActiveCfg = Debug|Any CPU
		{EFA26594-0361-4F91-A3E2-49EDF24B47B5}.Debug|Any CPU.Build.0 = Debug|Any CPU
		{EFA26594-0361-4F91-A3E2-49EDF24B47B5}.Release|Any CPU.ActiveCfg = Release|Any CPU
		{EFA26594-0361-4F91-A3E2-49EDF24B47B5}.Release|Any CPU.Build.0 = Release|Any CPU
		{3D09F537-117D-4AE0-85D9-D2A6B53F277D}.Debug|Any CPU.ActiveCfg = Debug|Any CPU
		{3D09F537-117D-4AE0-85D9-D2A6B53F277D}.Debug|Any CPU.Build.0 = Debug|Any CPU
		{3D09F537-117D-4AE0-85D9-D2A6B53F277D}.Release|Any CPU.ActiveCfg = Debug|Any CPU
		{3D09F537-117D-4AE0-85D9-D2A6B53F277D}.Release|Any CPU.Build.0 = Debug|Any CPU
	EndGlobalSection
	GlobalSection(SolutionProperties) = preSolution
		HideSolutionNode = FALSE
	EndGlobalSection
EndGlobal
